// !$*UTF8*$!
{
	archiveVersion = 1;
	classes = {
	};
	objectVersion = 46;
	objects = {

/* Begin PBXBuildFile section */
		0207DA581B56EA530066E2B4 /* Images.xcassets in Resources */ = {isa = PBXBuildFile; fileRef = 0207DA571B56EA530066E2B4 /* Images.xcassets */; };
		0272380BDFC044D4A8888947 /* CDVDevice.m in Sources */ = {isa = PBXBuildFile; fileRef = D34C60F597A546B29FACAA48 /* CDVDevice.m */; };
		03DDE56BFACC40789DC7C0D8 /* pwd2key.c in Sources */ = {isa = PBXBuildFile; fileRef = 760CB10402ED4E7EB0B35E36 /* pwd2key.c */; };
		06492C425A664C51A2694D21 /* SSZipArchive.m in Sources */ = {isa = PBXBuildFile; fileRef = 76D87855E4934E0C8003431E /* SSZipArchive.m */; };
		08EFACD670FB4A81BB5EE4BD /* CDVNotification.m in Sources */ = {isa = PBXBuildFile; fileRef = 5A6338F860954C0C895A7707 /* CDVNotification.m */; };
		116A189925634BF6B11F2AFD /* InstallOptions.m in Sources */ = {isa = PBXBuildFile; fileRef = 62CFCBBC57584FCF9F7E04D1 /* InstallOptions.m */; };
		1D3623260D0F684500981E51 /* AppDelegate.m in Sources */ = {isa = PBXBuildFile; fileRef = 1D3623250D0F684500981E51 /* AppDelegate.m */; };
		1D60589B0D05DD56006BFB54 /* main.m in Sources */ = {isa = PBXBuildFile; fileRef = 29B97316FDCFA39411CA2CEA /* main.m */; };
		1EEF8AAAC38144CA935ABFC9 /* CDVNotification.bundle in Resources */ = {isa = PBXBuildFile; fileRef = 6CC0580F275944148357084B /* CDVNotification.bundle */; };
		2858D1B85C7E457385B51CC5 /* CodePush.m in Sources */ = {isa = PBXBuildFile; fileRef = B3452918DD1B4C4495A8ED6A /* CodePush.m */; };
		2BFAF14D4113422CB63C1779 /* Utilities.m in Sources */ = {isa = PBXBuildFile; fileRef = 6CB432BF9E744CF2A418DFA8 /* Utilities.m */; };
		301BF552109A68D80062928A /* libCordova.a in Frameworks */ = {isa = PBXBuildFile; fileRef = 301BF535109A57CC0062928A /* libCordova.a */; };
		302D95F114D2391D003F00A1 /* MainViewController.m in Sources */ = {isa = PBXBuildFile; fileRef = 302D95EF14D2391D003F00A1 /* MainViewController.m */; };
		302D95F214D2391D003F00A1 /* MainViewController.xib in Resources */ = {isa = PBXBuildFile; fileRef = 302D95F014D2391D003F00A1 /* MainViewController.xib */; };
		3E41325042EE442C918809F8 /* mztools.c in Sources */ = {isa = PBXBuildFile; fileRef = B667CC0AB922441297F22750 /* mztools.c */; };
		44D0B778904440698E2CE58E /* AudioToolbox.framework in Frameworks */ = {isa = PBXBuildFile; fileRef = E3DD6561034245878EE9C6AA /* AudioToolbox.framework */; settings = {ATTRIBUTES = (Weak, ); }; };
		52837F30BF9945E6924D3FFF /* sha1.c in Sources */ = {isa = PBXBuildFile; fileRef = D2E410CB1E474F3DA159D046 /* sha1.c */; };
		61F4F879541446BCB122AD96 /* CDVWKWebViewEngine+CodePush.m in Sources */ = {isa = PBXBuildFile; fileRef = 1537C42B23D1436BBDC52A95 /* CDVWKWebViewEngine+CodePush.m */; };
		6AFF5BF91D6E424B00AB3073 /* CDVLaunchScreen.storyboard in Resources */ = {isa = PBXBuildFile; fileRef = 6AFF5BF81D6E424B00AB3073 /* CDVLaunchScreen.storyboard */; };
		75C5208F496F4BC7917CCA5E /* ZipPlugin.m in Sources */ = {isa = PBXBuildFile; fileRef = 5B3299FE61E342648DD2F312 /* ZipPlugin.m */; };
		796B3BFEC5EA4846A04121D4 /* aescrypt.c in Sources */ = {isa = PBXBuildFile; fileRef = F85BD3EFBDAA4FA9998CC9EF /* aescrypt.c */; };
		813D11A614454861A1A99407 /* CodePushPackageManager.m in Sources */ = {isa = PBXBuildFile; fileRef = B4BA7A1B977645AD97EE411E /* CodePushPackageManager.m */; };
		86CB2D393CF54ABEA9A3F6B6 /* zip.c in Sources */ = {isa = PBXBuildFile; fileRef = 46EA98C656914A75AF505E12 /* zip.c */; };
		A6E3FB06C9284E85A2C316A1 /* UpdateHashUtils.m in Sources */ = {isa = PBXBuildFile; fileRef = F86D3E20AEB2438AA3918DD0 /* UpdateHashUtils.m */; };
		A94B712CA752400D98673DB3 /* unzip.c in Sources */ = {isa = PBXBuildFile; fileRef = F502A28434274A14BF857926 /* unzip.c */; };
		AA03CF5133444D1D91B8CE1F /* hmac.c in Sources */ = {isa = PBXBuildFile; fileRef = 8B754E812995431CA60E0060 /* hmac.c */; };
		B31EC99758EF44E7BE4E0C9D /* CDVAssetLibraryFilesystem.m in Sources */ = {isa = PBXBuildFile; fileRef = C87C0B844D15411298FE912F /* CDVAssetLibraryFilesystem.m */; };
		B52BF39AE2E342F89E1379C5 /* libz.dylib in Frameworks */ = {isa = PBXBuildFile; fileRef = F878179BC6E9483B9CDCCF6C /* libz.dylib */; };
		B60E1EFB352A40AA9C4AD920 /* fileenc.c in Sources */ = {isa = PBXBuildFile; fileRef = 767C0522814E4D9483E88E7D /* fileenc.c */; };
		BC2A1D264A10431FBB8AB7B4 /* CodePushPackageMetadata.m in Sources */ = {isa = PBXBuildFile; fileRef = 23FEF50A2FA744B8AD92BDC6 /* CodePushPackageMetadata.m */; };
		BC80F6E6D8EB4F39B79CC3CA /* CDVFileTransfer.m in Sources */ = {isa = PBXBuildFile; fileRef = 877D61B88B474DF491EF641C /* CDVFileTransfer.m */; };
		C3C7510F22CF4E6987EC084F /* libz.tbd in Frameworks */ = {isa = PBXBuildFile; fileRef = 8AAE47F2DE014EDD8D6E745D /* libz.tbd */; };
		C6F9C769C72C4DB198C65EA4 /* entropy.c in Sources */ = {isa = PBXBuildFile; fileRef = D7A0A79A55D541C493D59025 /* entropy.c */; };
		C7D9621F987B4628AC5974A4 /* CDVLocalFilesystem.m in Sources */ = {isa = PBXBuildFile; fileRef = C9167C19628F411D93ED8E19 /* CDVLocalFilesystem.m */; };
		CA64B55295BF46B78DFD4DE4 /* StatusReport.m in Sources */ = {isa = PBXBuildFile; fileRef = 4C1783FB09F0439BA8B9C0EE /* StatusReport.m */; };
		CE70E2037463484ABD7C2468 /* CDVFile.m in Sources */ = {isa = PBXBuildFile; fileRef = 0A7FDF4A53AA434282299AB8 /* CDVFile.m */; };
		D4CD60F28C894A41BCEC507A /* ioapi.c in Sources */ = {isa = PBXBuildFile; fileRef = EAEF5B530A424F34AD78E1AF /* ioapi.c */; };
		DF11999E5A23453A82399E22 /* aestab.c in Sources */ = {isa = PBXBuildFile; fileRef = 37C2187F905D428CB67D4CE5 /* aestab.c */; };
		E5A037C4C45144DE8BC39B88 /* aeskey.c in Sources */ = {isa = PBXBuildFile; fileRef = 3DFDCE9F870444E5AE8A06CE /* aeskey.c */; };
		EB617DD79F9448F09318BD6E /* prng.c in Sources */ = {isa = PBXBuildFile; fileRef = C8BAA19FC58D40C89E8A97C7 /* prng.c */; };
		F2E197E9088B44A4B9F545AB /* CodePushReportingManager.m in Sources */ = {isa = PBXBuildFile; fileRef = DEFCD5D34625410694605B0B /* CodePushReportingManager.m */; };
/* End PBXBuildFile section */

/* Begin PBXContainerItemProxy section */
		301BF534109A57CC0062928A /* PBXContainerItemProxy */ = {
			isa = PBXContainerItemProxy;
			containerPortal = 301BF52D109A57CC0062928A /* CordovaLib.xcodeproj */;
			proxyType = 2;
			remoteGlobalIDString = D2AAC07E0554694100DB518D;
			remoteInfo = CordovaLib;
		};
		301BF550109A68C00062928A /* PBXContainerItemProxy */ = {
			isa = PBXContainerItemProxy;
			containerPortal = 301BF52D109A57CC0062928A /* CordovaLib.xcodeproj */;
			proxyType = 1;
			remoteGlobalIDString = D2AAC07D0554694100DB518D;
			remoteInfo = CordovaLib;
		};
/* End PBXContainerItemProxy section */

/* Begin PBXFileReference section */
		0207DA571B56EA530066E2B4 /* Images.xcassets */ = {isa = PBXFileReference; lastKnownFileType = folder.assetcatalog; name = Images.xcassets; path = Wallet/Images.xcassets; sourceTree = SOURCE_ROOT; };
		051FE29B260E4EAA93E7EA2B /* unzip.h */ = {isa = PBXFileReference; explicitFileType = undefined; fileEncoding = 4; includeInIndex = 0; lastKnownFileType = sourcecode.c.h; name = unzip.h; path = "cordova-plugin-zip/Plugins/minizip/unzip.h"; sourceTree = "<group>"; };
		06DE82E4EDA54E23B91F3648 /* aesopt.h */ = {isa = PBXFileReference; explicitFileType = undefined; fileEncoding = 4; includeInIndex = 0; lastKnownFileType = sourcecode.c.h; name = aesopt.h; path = "cordova-plugin-zip/Plugins/aes/aesopt.h"; sourceTree = "<group>"; };
		0A7FDF4A53AA434282299AB8 /* CDVFile.m */ = {isa = PBXFileReference; explicitFileType = undefined; fileEncoding = 4; includeInIndex = 0; lastKnownFileType = sourcecode.c.objc; name = CDVFile.m; path = "cordova-plugin-file/CDVFile.m"; sourceTree = "<group>"; };
		0AD399FEB7FD45BD9830E41E /* hmac.h */ = {isa = PBXFileReference; explicitFileType = undefined; fileEncoding = 4; includeInIndex = 0; lastKnownFileType = sourcecode.c.h; name = hmac.h; path = "cordova-plugin-zip/Plugins/aes/hmac.h"; sourceTree = "<group>"; };
		1537C42B23D1436BBDC52A95 /* CDVWKWebViewEngine+CodePush.m */ = {isa = PBXFileReference; explicitFileType = undefined; fileEncoding = 4; includeInIndex = 0; lastKnownFileType = sourcecode.c.objc; name = "CDVWKWebViewEngine+CodePush.m"; path = "cordova-plugin-code-push/CDVWKWebViewEngine+CodePush.m"; sourceTree = "<group>"; };
		1A12940C43AA483CACF6394F /* Common.h */ = {isa = PBXFileReference; explicitFileType = undefined; fileEncoding = 4; includeInIndex = 0; lastKnownFileType = sourcecode.c.h; name = Common.h; path = "cordova-plugin-zip/Common.h"; sourceTree = "<group>"; };
		1C9108AE08554D70A048E7AE /* ioapi.h */ = {isa = PBXFileReference; explicitFileType = undefined; fileEncoding = 4; includeInIndex = 0; lastKnownFileType = sourcecode.c.h; name = ioapi.h; path = "cordova-plugin-zip/Plugins/minizip/ioapi.h"; sourceTree = "<group>"; };
		1D3623240D0F684500981E51 /* AppDelegate.h */ = {isa = PBXFileReference; fileEncoding = 4; lastKnownFileType = sourcecode.c.h; path = AppDelegate.h; sourceTree = "<group>"; };
		1D3623250D0F684500981E51 /* AppDelegate.m */ = {isa = PBXFileReference; fileEncoding = 4; lastKnownFileType = sourcecode.c.objc; path = AppDelegate.m; sourceTree = "<group>"; };
		1D6058910D05DD3D006BFB54 /* Wallet.app */ = {isa = PBXFileReference; explicitFileType = wrapper.application; includeInIndex = 0; path = Wallet.app; sourceTree = BUILT_PRODUCTS_DIR; };
		23FEF50A2FA744B8AD92BDC6 /* CodePushPackageMetadata.m */ = {isa = PBXFileReference; explicitFileType = undefined; fileEncoding = 4; includeInIndex = 0; lastKnownFileType = sourcecode.c.objc; name = CodePushPackageMetadata.m; path = "cordova-plugin-code-push/CodePushPackageMetadata.m"; sourceTree = "<group>"; };
		29B97316FDCFA39411CA2CEA /* main.m */ = {isa = PBXFileReference; fileEncoding = 4; lastKnownFileType = sourcecode.c.objc; path = main.m; sourceTree = "<group>"; };
		301BF52D109A57CC0062928A /* CordovaLib.xcodeproj */ = {isa = PBXFileReference; lastKnownFileType = "wrapper.pb-project"; name = CordovaLib.xcodeproj; path = CordovaLib/CordovaLib.xcodeproj; sourceTree = "<group>"; };
		301BF56E109A69640062928A /* www */ = {isa = PBXFileReference; lastKnownFileType = folder; path = www; sourceTree = SOURCE_ROOT; };
		302D95EE14D2391D003F00A1 /* MainViewController.h */ = {isa = PBXFileReference; fileEncoding = 4; lastKnownFileType = sourcecode.c.h; path = MainViewController.h; sourceTree = "<group>"; };
		302D95EF14D2391D003F00A1 /* MainViewController.m */ = {isa = PBXFileReference; fileEncoding = 4; lastKnownFileType = sourcecode.c.objc; path = MainViewController.m; sourceTree = "<group>"; };
		302D95F014D2391D003F00A1 /* MainViewController.xib */ = {isa = PBXFileReference; fileEncoding = 4; lastKnownFileType = file.xib; path = MainViewController.xib; sourceTree = "<group>"; };
		3047A50F1AB8059700498E2A /* build-debug.xcconfig */ = {isa = PBXFileReference; fileEncoding = 4; lastKnownFileType = text.xcconfig; name = "build-debug.xcconfig"; path = "cordova/build-debug.xcconfig"; sourceTree = SOURCE_ROOT; };
		3047A5101AB8059700498E2A /* build-release.xcconfig */ = {isa = PBXFileReference; fileEncoding = 4; lastKnownFileType = text.xcconfig; name = "build-release.xcconfig"; path = "cordova/build-release.xcconfig"; sourceTree = SOURCE_ROOT; };
		3047A5111AB8059700498E2A /* build.xcconfig */ = {isa = PBXFileReference; fileEncoding = 4; lastKnownFileType = text.xcconfig; name = build.xcconfig; path = cordova/build.xcconfig; sourceTree = SOURCE_ROOT; };
		32CA4F630368D1EE00C91783 /* Wallet-Prefix.pch */ = {isa = PBXFileReference; fileEncoding = 4; lastKnownFileType = sourcecode.c.h; path = "Wallet-Prefix.pch"; sourceTree = "<group>"; };
		37C02FABA9B34D39AE61CCB6 /* aestab.h */ = {isa = PBXFileReference; explicitFileType = undefined; fileEncoding = 4; includeInIndex = 0; lastKnownFileType = sourcecode.c.h; name = aestab.h; path = "cordova-plugin-zip/Plugins/aes/aestab.h"; sourceTree = "<group>"; };
		37C2187F905D428CB67D4CE5 /* aestab.c */ = {isa = PBXFileReference; explicitFileType = undefined; fileEncoding = 9; includeInIndex = 0; lastKnownFileType = unknown; name = aestab.c; path = "cordova-plugin-zip/Plugins/aes/aestab.c"; sourceTree = "<group>"; };
		3DFDCE9F870444E5AE8A06CE /* aeskey.c */ = {isa = PBXFileReference; explicitFileType = undefined; fileEncoding = 9; includeInIndex = 0; lastKnownFileType = unknown; name = aeskey.c; path = "cordova-plugin-zip/Plugins/aes/aeskey.c"; sourceTree = "<group>"; };
		40A50377B06B467781509544 /* sha1.h */ = {isa = PBXFileReference; explicitFileType = undefined; fileEncoding = 4; includeInIndex = 0; lastKnownFileType = sourcecode.c.h; name = sha1.h; path = "cordova-plugin-zip/Plugins/aes/sha1.h"; sourceTree = "<group>"; };
		46EA98C656914A75AF505E12 /* zip.c */ = {isa = PBXFileReference; explicitFileType = undefined; fileEncoding = 9; includeInIndex = 0; lastKnownFileType = unknown; name = zip.c; path = "cordova-plugin-zip/Plugins/minizip/zip.c"; sourceTree = "<group>"; };
		4C1783FB09F0439BA8B9C0EE /* StatusReport.m */ = {isa = PBXFileReference; explicitFileType = undefined; fileEncoding = 4; includeInIndex = 0; lastKnownFileType = sourcecode.c.objc; name = StatusReport.m; path = "cordova-plugin-code-push/StatusReport.m"; sourceTree = "<group>"; };
		4EFC98ED2FCA40DBB7F10A9B /* CodePush.h */ = {isa = PBXFileReference; explicitFileType = undefined; fileEncoding = 4; includeInIndex = 0; lastKnownFileType = sourcecode.c.h; name = CodePush.h; path = "cordova-plugin-code-push/CodePush.h"; sourceTree = "<group>"; };
		52B2AE07C6E84FB4953A3287 /* CDVAssetLibraryFilesystem.h */ = {isa = PBXFileReference; explicitFileType = undefined; fileEncoding = 4; includeInIndex = 0; lastKnownFileType = sourcecode.c.h; name = CDVAssetLibraryFilesystem.h; path = "cordova-plugin-file/CDVAssetLibraryFilesystem.h"; sourceTree = "<group>"; };
		54409455BC6E44FDA25AF337 /* CDVNotification.h */ = {isa = PBXFileReference; explicitFileType = undefined; fileEncoding = 4; includeInIndex = 0; lastKnownFileType = sourcecode.c.h; name = CDVNotification.h; path = "cordova-plugin-dialogs/CDVNotification.h"; sourceTree = "<group>"; };
		592F4626045B47DD8A753EFC /* CodePushPackageMetadata.h */ = {isa = PBXFileReference; explicitFileType = undefined; fileEncoding = 4; includeInIndex = 0; lastKnownFileType = sourcecode.c.h; name = CodePushPackageMetadata.h; path = "cordova-plugin-code-push/CodePushPackageMetadata.h"; sourceTree = "<group>"; };
		5A6338F860954C0C895A7707 /* CDVNotification.m */ = {isa = PBXFileReference; explicitFileType = undefined; fileEncoding = 4; includeInIndex = 0; lastKnownFileType = sourcecode.c.objc; name = CDVNotification.m; path = "cordova-plugin-dialogs/CDVNotification.m"; sourceTree = "<group>"; };
		5B3299FE61E342648DD2F312 /* ZipPlugin.m */ = {isa = PBXFileReference; explicitFileType = undefined; fileEncoding = 4; includeInIndex = 0; lastKnownFileType = sourcecode.c.objc; name = ZipPlugin.m; path = "cordova-plugin-zip/ZipPlugin.m"; sourceTree = "<group>"; };
		62CFCBBC57584FCF9F7E04D1 /* InstallOptions.m */ = {isa = PBXFileReference; explicitFileType = undefined; fileEncoding = 4; includeInIndex = 0; lastKnownFileType = sourcecode.c.objc; name = InstallOptions.m; path = "cordova-plugin-code-push/InstallOptions.m"; sourceTree = "<group>"; };
		6AFF5BF81D6E424B00AB3073 /* CDVLaunchScreen.storyboard */ = {isa = PBXFileReference; fileEncoding = 4; lastKnownFileType = file.storyboard; name = CDVLaunchScreen.storyboard; path = Wallet/CDVLaunchScreen.storyboard; sourceTree = SOURCE_ROOT; };
		6CB432BF9E744CF2A418DFA8 /* Utilities.m */ = {isa = PBXFileReference; explicitFileType = undefined; fileEncoding = 4; includeInIndex = 0; lastKnownFileType = sourcecode.c.objc; name = Utilities.m; path = "cordova-plugin-code-push/Utilities.m"; sourceTree = "<group>"; };
		6CC0580F275944148357084B /* CDVNotification.bundle */ = {isa = PBXFileReference; explicitFileType = undefined; fileEncoding = 9; includeInIndex = 0; lastKnownFileType = "wrapper.plug-in"; path = CDVNotification.bundle; sourceTree = "<group>"; };
		6D63953AB96D4253AD27BB1F /* StatusReport.h */ = {isa = PBXFileReference; explicitFileType = undefined; fileEncoding = 4; includeInIndex = 0; lastKnownFileType = sourcecode.c.h; name = StatusReport.h; path = "cordova-plugin-code-push/StatusReport.h"; sourceTree = "<group>"; };
		71B3421752B243BC9F2809AE /* UpdateHashUtils.h */ = {isa = PBXFileReference; explicitFileType = undefined; fileEncoding = 4; includeInIndex = 0; lastKnownFileType = sourcecode.c.h; name = UpdateHashUtils.h; path = "cordova-plugin-code-push/UpdateHashUtils.h"; sourceTree = "<group>"; };
		71EC9A471A174609BCCD645B /* aes_via_ace.h */ = {isa = PBXFileReference; explicitFileType = undefined; fileEncoding = 4; includeInIndex = 0; lastKnownFileType = sourcecode.c.h; name = aes_via_ace.h; path = "cordova-plugin-zip/Plugins/aes/aes_via_ace.h"; sourceTree = "<group>"; };
		74F1F8E6977D4CA4B0359DDF /* mztools.h */ = {isa = PBXFileReference; explicitFileType = undefined; fileEncoding = 4; includeInIndex = 0; lastKnownFileType = sourcecode.c.h; name = mztools.h; path = "cordova-plugin-zip/Plugins/minizip/mztools.h"; sourceTree = "<group>"; };
		760CB10402ED4E7EB0B35E36 /* pwd2key.c */ = {isa = PBXFileReference; explicitFileType = undefined; fileEncoding = 9; includeInIndex = 0; lastKnownFileType = unknown; name = pwd2key.c; path = "cordova-plugin-zip/Plugins/aes/pwd2key.c"; sourceTree = "<group>"; };
		767C0522814E4D9483E88E7D /* fileenc.c */ = {isa = PBXFileReference; explicitFileType = undefined; fileEncoding = 9; includeInIndex = 0; lastKnownFileType = unknown; name = fileenc.c; path = "cordova-plugin-zip/Plugins/aes/fileenc.c"; sourceTree = "<group>"; };
		76D87855E4934E0C8003431E /* SSZipArchive.m */ = {isa = PBXFileReference; explicitFileType = undefined; fileEncoding = 4; includeInIndex = 0; lastKnownFileType = sourcecode.c.objc; name = SSZipArchive.m; path = "cordova-plugin-zip/Plugins/minizip/SSZipArchive.m"; sourceTree = "<group>"; };
		7F805D236CDD49A498752066 /* brg_endian.h */ = {isa = PBXFileReference; explicitFileType = undefined; fileEncoding = 4; includeInIndex = 0; lastKnownFileType = sourcecode.c.h; name = brg_endian.h; path = "cordova-plugin-zip/Plugins/aes/brg_endian.h"; sourceTree = "<group>"; };
		8158C4C2A5F147E49D947F20 /* aes.h */ = {isa = PBXFileReference; explicitFileType = undefined; fileEncoding = 4; includeInIndex = 0; lastKnownFileType = sourcecode.c.h; name = aes.h; path = "cordova-plugin-zip/Plugins/aes/aes.h"; sourceTree = "<group>"; };
		877D61B88B474DF491EF641C /* CDVFileTransfer.m */ = {isa = PBXFileReference; explicitFileType = undefined; fileEncoding = 4; includeInIndex = 0; lastKnownFileType = sourcecode.c.objc; name = CDVFileTransfer.m; path = "cordova-plugin-file-transfer/CDVFileTransfer.m"; sourceTree = "<group>"; };
		8AAE47F2DE014EDD8D6E745D /* libz.tbd */ = {isa = PBXFileReference; explicitFileType = undefined; fileEncoding = 9; includeInIndex = 0; lastKnownFileType = "sourcecode.text-based-dylib-definition"; name = libz.tbd; path = usr/lib/libz.tbd; sourceTree = SDKROOT; };
		8B754E812995431CA60E0060 /* hmac.c */ = {isa = PBXFileReference; explicitFileType = undefined; fileEncoding = 9; includeInIndex = 0; lastKnownFileType = unknown; name = hmac.c; path = "cordova-plugin-zip/Plugins/aes/hmac.c"; sourceTree = "<group>"; };
		8D1107310486CEB800E47090 /* Wallet-Info.plist */ = {isa = PBXFileReference; fileEncoding = 4; lastKnownFileType = text.plist.xml; name = "Wallet-Info.plist"; path = "Wallet/Wallet-Info.plist"; plistStructureDefinitionIdentifier = "com.apple.xcode.plist.structure-definition.iphone.info-plist"; sourceTree = SOURCE_ROOT; };
		97380489EA4F42A3AFCCA20D /* crypt.h */ = {isa = PBXFileReference; explicitFileType = undefined; fileEncoding = 4; includeInIndex = 0; lastKnownFileType = sourcecode.c.h; name = crypt.h; path = "cordova-plugin-zip/Plugins/minizip/crypt.h"; sourceTree = "<group>"; };
		A785FD4E166649D2B5D7A4B7 /* pwd2key.h */ = {isa = PBXFileReference; explicitFileType = undefined; fileEncoding = 4; includeInIndex = 0; lastKnownFileType = sourcecode.c.h; name = pwd2key.h; path = "cordova-plugin-zip/Plugins/aes/pwd2key.h"; sourceTree = "<group>"; };
		AAF9CB10079941DAB83EE034 /* CDVFileTransfer.h */ = {isa = PBXFileReference; explicitFileType = undefined; fileEncoding = 4; includeInIndex = 0; lastKnownFileType = sourcecode.c.h; name = CDVFileTransfer.h; path = "cordova-plugin-file-transfer/CDVFileTransfer.h"; sourceTree = "<group>"; };
		B26BFE56EC004066A6334487 /* Utilities.h */ = {isa = PBXFileReference; explicitFileType = undefined; fileEncoding = 4; includeInIndex = 0; lastKnownFileType = sourcecode.c.h; name = Utilities.h; path = "cordova-plugin-code-push/Utilities.h"; sourceTree = "<group>"; };
		B3452918DD1B4C4495A8ED6A /* CodePush.m */ = {isa = PBXFileReference; explicitFileType = undefined; fileEncoding = 4; includeInIndex = 0; lastKnownFileType = sourcecode.c.objc; name = CodePush.m; path = "cordova-plugin-code-push/CodePush.m"; sourceTree = "<group>"; };
		B4BA7A1B977645AD97EE411E /* CodePushPackageManager.m */ = {isa = PBXFileReference; explicitFileType = undefined; fileEncoding = 4; includeInIndex = 0; lastKnownFileType = sourcecode.c.objc; name = CodePushPackageManager.m; path = "cordova-plugin-code-push/CodePushPackageManager.m"; sourceTree = "<group>"; };
		B667CC0AB922441297F22750 /* mztools.c */ = {isa = PBXFileReference; explicitFileType = undefined; fileEncoding = 9; includeInIndex = 0; lastKnownFileType = unknown; name = mztools.c; path = "cordova-plugin-zip/Plugins/minizip/mztools.c"; sourceTree = "<group>"; };
		B8AF9AEE9C584AEEA06A8B04 /* CDVFile.h */ = {isa = PBXFileReference; explicitFileType = undefined; fileEncoding = 4; includeInIndex = 0; lastKnownFileType = sourcecode.c.h; name = CDVFile.h; path = "cordova-plugin-file/CDVFile.h"; sourceTree = "<group>"; };
		C53C5C60CEF2442DA7FE8EC9 /* entropy.h */ = {isa = PBXFileReference; explicitFileType = undefined; fileEncoding = 4; includeInIndex = 0; lastKnownFileType = sourcecode.c.h; name = entropy.h; path = "cordova-plugin-zip/Plugins/aes/entropy.h"; sourceTree = "<group>"; };
		C87C0B844D15411298FE912F /* CDVAssetLibraryFilesystem.m */ = {isa = PBXFileReference; explicitFileType = undefined; fileEncoding = 4; includeInIndex = 0; lastKnownFileType = sourcecode.c.objc; name = CDVAssetLibraryFilesystem.m; path = "cordova-plugin-file/CDVAssetLibraryFilesystem.m"; sourceTree = "<group>"; };
		C8BAA19FC58D40C89E8A97C7 /* prng.c */ = {isa = PBXFileReference; explicitFileType = undefined; fileEncoding = 9; includeInIndex = 0; lastKnownFileType = unknown; name = prng.c; path = "cordova-plugin-zip/Plugins/aes/prng.c"; sourceTree = "<group>"; };
		C9167C19628F411D93ED8E19 /* CDVLocalFilesystem.m */ = {isa = PBXFileReference; explicitFileType = undefined; fileEncoding = 4; includeInIndex = 0; lastKnownFileType = sourcecode.c.objc; name = CDVLocalFilesystem.m; path = "cordova-plugin-file/CDVLocalFilesystem.m"; sourceTree = "<group>"; };
		D249C4BFC3474216A1364EA9 /* InstallOptions.h */ = {isa = PBXFileReference; explicitFileType = undefined; fileEncoding = 4; includeInIndex = 0; lastKnownFileType = sourcecode.c.h; name = InstallOptions.h; path = "cordova-plugin-code-push/InstallOptions.h"; sourceTree = "<group>"; };
		D2E410CB1E474F3DA159D046 /* sha1.c */ = {isa = PBXFileReference; explicitFileType = undefined; fileEncoding = 9; includeInIndex = 0; lastKnownFileType = unknown; name = sha1.c; path = "cordova-plugin-zip/Plugins/aes/sha1.c"; sourceTree = "<group>"; };
		D34C60F597A546B29FACAA48 /* CDVDevice.m */ = {isa = PBXFileReference; explicitFileType = undefined; fileEncoding = 4; includeInIndex = 0; lastKnownFileType = sourcecode.c.objc; name = CDVDevice.m; path = "cordova-plugin-device/CDVDevice.m"; sourceTree = "<group>"; };
		D687AC02B7BC4696B813C25C /* SSZipArchive.h */ = {isa = PBXFileReference; explicitFileType = undefined; fileEncoding = 4; includeInIndex = 0; lastKnownFileType = sourcecode.c.h; name = SSZipArchive.h; path = "cordova-plugin-zip/Plugins/minizip/SSZipArchive.h"; sourceTree = "<group>"; };
		D7A0A79A55D541C493D59025 /* entropy.c */ = {isa = PBXFileReference; explicitFileType = undefined; fileEncoding = 9; includeInIndex = 0; lastKnownFileType = unknown; name = entropy.c; path = "cordova-plugin-zip/Plugins/aes/entropy.c"; sourceTree = "<group>"; };
		DEFCD5D34625410694605B0B /* CodePushReportingManager.m */ = {isa = PBXFileReference; explicitFileType = undefined; fileEncoding = 4; includeInIndex = 0; lastKnownFileType = sourcecode.c.objc; name = CodePushReportingManager.m; path = "cordova-plugin-code-push/CodePushReportingManager.m"; sourceTree = "<group>"; };
		E3DD6561034245878EE9C6AA /* AudioToolbox.framework */ = {isa = PBXFileReference; explicitFileType = undefined; fileEncoding = 9; includeInIndex = 0; lastKnownFileType = wrapper.framework; name = AudioToolbox.framework; path = System/Library/Frameworks/AudioToolbox.framework; sourceTree = SDKROOT; };
		EAEF5B530A424F34AD78E1AF /* ioapi.c */ = {isa = PBXFileReference; explicitFileType = undefined; fileEncoding = 9; includeInIndex = 0; lastKnownFileType = unknown; name = ioapi.c; path = "cordova-plugin-zip/Plugins/minizip/ioapi.c"; sourceTree = "<group>"; };
		EB87FDF31871DA8E0020F90C /* www */ = {isa = PBXFileReference; lastKnownFileType = folder; name = www; path = ../../www; sourceTree = "<group>"; };
		EB87FDF41871DAF40020F90C /* config.xml */ = {isa = PBXFileReference; lastKnownFileType = text.xml; name = config.xml; path = ../../config.xml; sourceTree = "<group>"; };
		ED158B9B8AE845A180F3327A /* CDVLocalFilesystem.h */ = {isa = PBXFileReference; explicitFileType = undefined; fileEncoding = 4; includeInIndex = 0; lastKnownFileType = sourcecode.c.h; name = CDVLocalFilesystem.h; path = "cordova-plugin-file/CDVLocalFilesystem.h"; sourceTree = "<group>"; };
		ED33DF2A687741AEAF9F8254 /* Bridging-Header.h */ = {isa = PBXFileReference; fileEncoding = 4; lastKnownFileType = sourcecode.c.h; path = "Bridging-Header.h"; sourceTree = "<group>"; };
		EEF68C26611744ACA214EB5E /* InstallMode.h */ = {isa = PBXFileReference; explicitFileType = undefined; fileEncoding = 4; includeInIndex = 0; lastKnownFileType = sourcecode.c.h; name = InstallMode.h; path = "cordova-plugin-code-push/InstallMode.h"; sourceTree = "<group>"; };
		EF3A5290472A459282B8071E /* prng.h */ = {isa = PBXFileReference; explicitFileType = undefined; fileEncoding = 4; includeInIndex = 0; lastKnownFileType = sourcecode.c.h; name = prng.h; path = "cordova-plugin-zip/Plugins/aes/prng.h"; sourceTree = "<group>"; };
		F10899F1F0224F4894AA4C82 /* fileenc.h */ = {isa = PBXFileReference; explicitFileType = undefined; fileEncoding = 4; includeInIndex = 0; lastKnownFileType = sourcecode.c.h; name = fileenc.h; path = "cordova-plugin-zip/Plugins/aes/fileenc.h"; sourceTree = "<group>"; };
		F21C4F0603CF4CE4A5FB1862 /* zip.h */ = {isa = PBXFileReference; explicitFileType = undefined; fileEncoding = 4; includeInIndex = 0; lastKnownFileType = sourcecode.c.h; name = zip.h; path = "cordova-plugin-zip/Plugins/minizip/zip.h"; sourceTree = "<group>"; };
		F26997317A8D4CCCAD0526A7 /* CDVDevice.h */ = {isa = PBXFileReference; explicitFileType = undefined; fileEncoding = 4; includeInIndex = 0; lastKnownFileType = sourcecode.c.h; name = CDVDevice.h; path = "cordova-plugin-device/CDVDevice.h"; sourceTree = "<group>"; };
		F2787A48C1444AB38E24E6C3 /* brg_types.h */ = {isa = PBXFileReference; explicitFileType = undefined; fileEncoding = 4; includeInIndex = 0; lastKnownFileType = sourcecode.c.h; name = brg_types.h; path = "cordova-plugin-zip/Plugins/aes/brg_types.h"; sourceTree = "<group>"; };
		F33DA8F92AC0479DB01E7EBC /* ZipPlugin.h */ = {isa = PBXFileReference; explicitFileType = undefined; fileEncoding = 4; includeInIndex = 0; lastKnownFileType = sourcecode.c.h; name = ZipPlugin.h; path = "cordova-plugin-zip/ZipPlugin.h"; sourceTree = "<group>"; };
		F4440F9AAE8F4A7CA6A66CAC /* CodePushPackageManager.h */ = {isa = PBXFileReference; explicitFileType = undefined; fileEncoding = 4; includeInIndex = 0; lastKnownFileType = sourcecode.c.h; name = CodePushPackageManager.h; path = "cordova-plugin-code-push/CodePushPackageManager.h"; sourceTree = "<group>"; };
		F502A28434274A14BF857926 /* unzip.c */ = {isa = PBXFileReference; explicitFileType = undefined; fileEncoding = 9; includeInIndex = 0; lastKnownFileType = unknown; name = unzip.c; path = "cordova-plugin-zip/Plugins/minizip/unzip.c"; sourceTree = "<group>"; };
		F840E1F0165FE0F500CFE078 /* config.xml */ = {isa = PBXFileReference; lastKnownFileType = text.xml; name = config.xml; path = Wallet/config.xml; sourceTree = "<group>"; };
		F85BD3EFBDAA4FA9998CC9EF /* aescrypt.c */ = {isa = PBXFileReference; explicitFileType = undefined; fileEncoding = 9; includeInIndex = 0; lastKnownFileType = unknown; name = aescrypt.c; path = "cordova-plugin-zip/Plugins/aes/aescrypt.c"; sourceTree = "<group>"; };
		F86D3E20AEB2438AA3918DD0 /* UpdateHashUtils.m */ = {isa = PBXFileReference; explicitFileType = undefined; fileEncoding = 4; includeInIndex = 0; lastKnownFileType = sourcecode.c.objc; name = UpdateHashUtils.m; path = "cordova-plugin-code-push/UpdateHashUtils.m"; sourceTree = "<group>"; };
		F878179BC6E9483B9CDCCF6C /* libz.dylib */ = {isa = PBXFileReference; explicitFileType = undefined; fileEncoding = 9; includeInIndex = 0; lastKnownFileType = "compiled.mach-o.dylib"; name = libz.dylib; path = usr/lib/libz.dylib; sourceTree = SDKROOT; };
		F947759479E343F8AA587475 /* CodePushReportingManager.h */ = {isa = PBXFileReference; explicitFileType = undefined; fileEncoding = 4; includeInIndex = 0; lastKnownFileType = sourcecode.c.h; name = CodePushReportingManager.h; path = "cordova-plugin-code-push/CodePushReportingManager.h"; sourceTree = "<group>"; };
/* End PBXFileReference section */

/* Begin PBXFrameworksBuildPhase section */
		1D60588F0D05DD3D006BFB54 /* Frameworks */ = {
			isa = PBXFrameworksBuildPhase;
			buildActionMask = 2147483647;
			files = (
				301BF552109A68D80062928A /* libCordova.a in Frameworks */,
				B52BF39AE2E342F89E1379C5 /* libz.dylib in Frameworks */,
				44D0B778904440698E2CE58E /* AudioToolbox.framework in Frameworks */,
				C3C7510F22CF4E6987EC084F /* libz.tbd in Frameworks */,
			);
			runOnlyForDeploymentPostprocessing = 0;
		};
/* End PBXFrameworksBuildPhase section */

/* Begin PBXGroup section */
		080E96DDFE201D6D7F000001 /* Classes */ = {
			isa = PBXGroup;
			children = (
				302D95EE14D2391D003F00A1 /* MainViewController.h */,
				302D95EF14D2391D003F00A1 /* MainViewController.m */,
				302D95F014D2391D003F00A1 /* MainViewController.xib */,
				1D3623240D0F684500981E51 /* AppDelegate.h */,
				1D3623250D0F684500981E51 /* AppDelegate.m */,
			);
			name = Classes;
			path = Wallet/Classes;
			sourceTree = SOURCE_ROOT;
		};
		19C28FACFE9D520D11CA2CBB /* Products */ = {
			isa = PBXGroup;
			children = (
				1D6058910D05DD3D006BFB54 /* Wallet.app */,
			);
			name = Products;
			sourceTree = "<group>";
		};
		29B97314FDCFA39411CA2CEA /* CustomTemplate */ = {
			isa = PBXGroup;
			children = (
				EB87FDF41871DAF40020F90C /* config.xml */,
				EB87FDF31871DA8E0020F90C /* www */,
				EB87FDF11871DA420020F90C /* Staging */,
				301BF52D109A57CC0062928A /* CordovaLib.xcodeproj */,
				080E96DDFE201D6D7F000001 /* Classes */,
				307C750510C5A3420062BCA9 /* Plugins */,
				29B97315FDCFA39411CA2CEA /* Other Sources */,
				29B97317FDCFA39411CA2CEA /* Resources */,
				29B97323FDCFA39411CA2CEA /* Frameworks */,
				19C28FACFE9D520D11CA2CBB /* Products */,
			);
			name = CustomTemplate;
			sourceTree = "<group>";
		};
		29B97315FDCFA39411CA2CEA /* Other Sources */ = {
			isa = PBXGroup;
			children = (
				32CA4F630368D1EE00C91783 /* Wallet-Prefix.pch */,
				29B97316FDCFA39411CA2CEA /* main.m */,
				ED33DF2A687741AEAF9F8254 /* Bridging-Header.h */,
			);
			name = "Other Sources";
			path = Wallet;
			sourceTree = "<group>";
		};
		29B97317FDCFA39411CA2CEA /* Resources */ = {
			isa = PBXGroup;
			children = (
				0207DA571B56EA530066E2B4 /* Images.xcassets */,
				3047A50E1AB8057F00498E2A /* config */,
				8D1107310486CEB800E47090 /* Wallet-Info.plist */,
				6AFF5BF81D6E424B00AB3073 /* CDVLaunchScreen.storyboard */,
				6CC0580F275944148357084B /* CDVNotification.bundle */,
			);
			name = Resources;
			path = Wallet/Resources;
			sourceTree = "<group>";
		};
		29B97323FDCFA39411CA2CEA /* Frameworks */ = {
			isa = PBXGroup;
			children = (
				F878179BC6E9483B9CDCCF6C /* libz.dylib */,
				E3DD6561034245878EE9C6AA /* AudioToolbox.framework */,
				8AAE47F2DE014EDD8D6E745D /* libz.tbd */,
			);
			name = Frameworks;
			sourceTree = "<group>";
		};
		301BF52E109A57CC0062928A /* Products */ = {
			isa = PBXGroup;
			children = (
				301BF535109A57CC0062928A /* libCordova.a */,
			);
			name = Products;
			sourceTree = "<group>";
		};
		3047A50E1AB8057F00498E2A /* config */ = {
			isa = PBXGroup;
			children = (
				3047A50F1AB8059700498E2A /* build-debug.xcconfig */,
				3047A5101AB8059700498E2A /* build-release.xcconfig */,
				3047A5111AB8059700498E2A /* build.xcconfig */,
			);
			name = config;
			sourceTree = "<group>";
		};
		307C750510C5A3420062BCA9 /* Plugins */ = {
			isa = PBXGroup;
			children = (
				0A7FDF4A53AA434282299AB8 /* CDVFile.m */,
				C9167C19628F411D93ED8E19 /* CDVLocalFilesystem.m */,
				C87C0B844D15411298FE912F /* CDVAssetLibraryFilesystem.m */,
				B8AF9AEE9C584AEEA06A8B04 /* CDVFile.h */,
				ED158B9B8AE845A180F3327A /* CDVLocalFilesystem.h */,
				52B2AE07C6E84FB4953A3287 /* CDVAssetLibraryFilesystem.h */,
				877D61B88B474DF491EF641C /* CDVFileTransfer.m */,
				AAF9CB10079941DAB83EE034 /* CDVFileTransfer.h */,
				5B3299FE61E342648DD2F312 /* ZipPlugin.m */,
				F85BD3EFBDAA4FA9998CC9EF /* aescrypt.c */,
				3DFDCE9F870444E5AE8A06CE /* aeskey.c */,
				37C2187F905D428CB67D4CE5 /* aestab.c */,
				D7A0A79A55D541C493D59025 /* entropy.c */,
				767C0522814E4D9483E88E7D /* fileenc.c */,
				8B754E812995431CA60E0060 /* hmac.c */,
				C8BAA19FC58D40C89E8A97C7 /* prng.c */,
				760CB10402ED4E7EB0B35E36 /* pwd2key.c */,
				D2E410CB1E474F3DA159D046 /* sha1.c */,
				76D87855E4934E0C8003431E /* SSZipArchive.m */,
				46EA98C656914A75AF505E12 /* zip.c */,
				F502A28434274A14BF857926 /* unzip.c */,
				B667CC0AB922441297F22750 /* mztools.c */,
				EAEF5B530A424F34AD78E1AF /* ioapi.c */,
				F33DA8F92AC0479DB01E7EBC /* ZipPlugin.h */,
				1A12940C43AA483CACF6394F /* Common.h */,
				8158C4C2A5F147E49D947F20 /* aes.h */,
				71EC9A471A174609BCCD645B /* aes_via_ace.h */,
				06DE82E4EDA54E23B91F3648 /* aesopt.h */,
				37C02FABA9B34D39AE61CCB6 /* aestab.h */,
				7F805D236CDD49A498752066 /* brg_endian.h */,
				F2787A48C1444AB38E24E6C3 /* brg_types.h */,
				C53C5C60CEF2442DA7FE8EC9 /* entropy.h */,
				F10899F1F0224F4894AA4C82 /* fileenc.h */,
				0AD399FEB7FD45BD9830E41E /* hmac.h */,
				EF3A5290472A459282B8071E /* prng.h */,
				A785FD4E166649D2B5D7A4B7 /* pwd2key.h */,
				40A50377B06B467781509544 /* sha1.h */,
				D687AC02B7BC4696B813C25C /* SSZipArchive.h */,
				F21C4F0603CF4CE4A5FB1862 /* zip.h */,
				051FE29B260E4EAA93E7EA2B /* unzip.h */,
				74F1F8E6977D4CA4B0359DDF /* mztools.h */,
				1C9108AE08554D70A048E7AE /* ioapi.h */,
				97380489EA4F42A3AFCCA20D /* crypt.h */,
				5A6338F860954C0C895A7707 /* CDVNotification.m */,
				54409455BC6E44FDA25AF337 /* CDVNotification.h */,
				D34C60F597A546B29FACAA48 /* CDVDevice.m */,
				F26997317A8D4CCCAD0526A7 /* CDVDevice.h */,
				1537C42B23D1436BBDC52A95 /* CDVWKWebViewEngine+CodePush.m */,
				B3452918DD1B4C4495A8ED6A /* CodePush.m */,
				23FEF50A2FA744B8AD92BDC6 /* CodePushPackageMetadata.m */,
				B4BA7A1B977645AD97EE411E /* CodePushPackageManager.m */,
				DEFCD5D34625410694605B0B /* CodePushReportingManager.m */,
				62CFCBBC57584FCF9F7E04D1 /* InstallOptions.m */,
				4C1783FB09F0439BA8B9C0EE /* StatusReport.m */,
				F86D3E20AEB2438AA3918DD0 /* UpdateHashUtils.m */,
				6CB432BF9E744CF2A418DFA8 /* Utilities.m */,
				4EFC98ED2FCA40DBB7F10A9B /* CodePush.h */,
				592F4626045B47DD8A753EFC /* CodePushPackageMetadata.h */,
				F4440F9AAE8F4A7CA6A66CAC /* CodePushPackageManager.h */,
				F947759479E343F8AA587475 /* CodePushReportingManager.h */,
				D249C4BFC3474216A1364EA9 /* InstallOptions.h */,
				EEF68C26611744ACA214EB5E /* InstallMode.h */,
				6D63953AB96D4253AD27BB1F /* StatusReport.h */,
				71B3421752B243BC9F2809AE /* UpdateHashUtils.h */,
				B26BFE56EC004066A6334487 /* Utilities.h */,
			);
			name = Plugins;
			path = Wallet/Plugins;
			sourceTree = SOURCE_ROOT;
		};
		EB87FDF11871DA420020F90C /* Staging */ = {
			isa = PBXGroup;
			children = (
				F840E1F0165FE0F500CFE078 /* config.xml */,
				301BF56E109A69640062928A /* www */,
			);
			name = Staging;
			sourceTree = "<group>";
		};
/* End PBXGroup section */

/* Begin PBXNativeTarget section */
		1D6058900D05DD3D006BFB54 /* Wallet */ = {
			isa = PBXNativeTarget;
			buildConfigurationList = 1D6058960D05DD3E006BFB54 /* Build configuration list for PBXNativeTarget "Wallet" */;
			buildPhases = (
				304B58A110DAC018002A0835 /* Copy www directory */,
				1D60588D0D05DD3D006BFB54 /* Resources */,
				1D60588E0D05DD3D006BFB54 /* Sources */,
				1D60588F0D05DD3D006BFB54 /* Frameworks */,
			);
			buildRules = (
			);
			dependencies = (
				301BF551109A68C00062928A /* PBXTargetDependency */,
			);
			name = Wallet;
			productName = Wallet;
			productReference = 1D6058910D05DD3D006BFB54 /* Wallet.app */;
			productType = "com.apple.product-type.application";
		};
/* End PBXNativeTarget section */

/* Begin PBXProject section */
		29B97313FDCFA39411CA2CEA /* Project object */ = {
			isa = PBXProject;
			attributes = {
				LastUpgradeCheck = 510;
				TargetAttributes = {
					1D6058900D05DD3D006BFB54 = {
						DevelopmentTeam = 95S8NJ5S67;
					};
				};
			};
			buildConfigurationList = C01FCF4E08A954540054247B /* Build configuration list for PBXProject "Wallet" */;
			compatibilityVersion = "Xcode 3.2";
			developmentRegion = English;
			hasScannedForEncodings = 1;
			knownRegions = (
				en,
			);
			mainGroup = 29B97314FDCFA39411CA2CEA /* CustomTemplate */;
			projectDirPath = "";
			projectReferences = (
				{
					ProductGroup = 301BF52E109A57CC0062928A /* Products */;
					ProjectRef = 301BF52D109A57CC0062928A /* CordovaLib.xcodeproj */;
				},
			);
			projectRoot = "";
			targets = (
				1D6058900D05DD3D006BFB54 /* Wallet */,
			);
		};
/* End PBXProject section */

/* Begin PBXReferenceProxy section */
		301BF535109A57CC0062928A /* libCordova.a */ = {
			isa = PBXReferenceProxy;
			fileType = archive.ar;
			path = libCordova.a;
			remoteRef = 301BF534109A57CC0062928A /* PBXContainerItemProxy */;
			sourceTree = BUILT_PRODUCTS_DIR;
		};
/* End PBXReferenceProxy section */

/* Begin PBXResourcesBuildPhase section */
		1D60588D0D05DD3D006BFB54 /* Resources */ = {
			isa = PBXResourcesBuildPhase;
			buildActionMask = 2147483647;
			files = (
				302D95F214D2391D003F00A1 /* MainViewController.xib in Resources */,
				0207DA581B56EA530066E2B4 /* Images.xcassets in Resources */,
				6AFF5BF91D6E424B00AB3073 /* CDVLaunchScreen.storyboard in Resources */,
				1EEF8AAAC38144CA935ABFC9 /* CDVNotification.bundle in Resources */,
			);
			runOnlyForDeploymentPostprocessing = 0;
		};
/* End PBXResourcesBuildPhase section */

/* Begin PBXShellScriptBuildPhase section */
		304B58A110DAC018002A0835 /* Copy www directory */ = {
			isa = PBXShellScriptBuildPhase;
			buildActionMask = 2147483647;
			files = (
			);
			inputPaths = (
			);
			name = "Copy www directory";
			outputPaths = (
			);
			runOnlyForDeploymentPostprocessing = 0;
			shellPath = /bin/sh;
			shellScript = "NODEJS_PATH=/usr/local/bin; NVM_NODE_PATH=~/.nvm/versions/node/`nvm version 2>/dev/null`/bin; N_NODE_PATH=`find /usr/local/n/versions/node/* -maxdepth 0 -type d 2>/dev/null | tail -1`/bin; XCODE_NODE_PATH=`xcode-select --print-path`/usr/share/xcs/Node/bin; PATH=$NODEJS_PATH:$NVM_NODE_PATH:$N_NODE_PATH:$XCODE_NODE_PATH:$PATH && node cordova/lib/copy-www-build-step.js";
			showEnvVarsInLog = 0;
		};
/* End PBXShellScriptBuildPhase section */

/* Begin PBXSourcesBuildPhase section */
		1D60588E0D05DD3D006BFB54 /* Sources */ = {
			isa = PBXSourcesBuildPhase;
			buildActionMask = 2147483647;
			files = (
				1D60589B0D05DD56006BFB54 /* main.m in Sources */,
				1D3623260D0F684500981E51 /* AppDelegate.m in Sources */,
				302D95F114D2391D003F00A1 /* MainViewController.m in Sources */,
				CE70E2037463484ABD7C2468 /* CDVFile.m in Sources */,
				C7D9621F987B4628AC5974A4 /* CDVLocalFilesystem.m in Sources */,
				B31EC99758EF44E7BE4E0C9D /* CDVAssetLibraryFilesystem.m in Sources */,
				BC80F6E6D8EB4F39B79CC3CA /* CDVFileTransfer.m in Sources */,
				75C5208F496F4BC7917CCA5E /* ZipPlugin.m in Sources */,
				796B3BFEC5EA4846A04121D4 /* aescrypt.c in Sources */,
				E5A037C4C45144DE8BC39B88 /* aeskey.c in Sources */,
				DF11999E5A23453A82399E22 /* aestab.c in Sources */,
				C6F9C769C72C4DB198C65EA4 /* entropy.c in Sources */,
				B60E1EFB352A40AA9C4AD920 /* fileenc.c in Sources */,
				AA03CF5133444D1D91B8CE1F /* hmac.c in Sources */,
				EB617DD79F9448F09318BD6E /* prng.c in Sources */,
				03DDE56BFACC40789DC7C0D8 /* pwd2key.c in Sources */,
				52837F30BF9945E6924D3FFF /* sha1.c in Sources */,
				06492C425A664C51A2694D21 /* SSZipArchive.m in Sources */,
				86CB2D393CF54ABEA9A3F6B6 /* zip.c in Sources */,
				A94B712CA752400D98673DB3 /* unzip.c in Sources */,
				3E41325042EE442C918809F8 /* mztools.c in Sources */,
				D4CD60F28C894A41BCEC507A /* ioapi.c in Sources */,
				08EFACD670FB4A81BB5EE4BD /* CDVNotification.m in Sources */,
				0272380BDFC044D4A8888947 /* CDVDevice.m in Sources */,
				61F4F879541446BCB122AD96 /* CDVWKWebViewEngine+CodePush.m in Sources */,
				2858D1B85C7E457385B51CC5 /* CodePush.m in Sources */,
				BC2A1D264A10431FBB8AB7B4 /* CodePushPackageMetadata.m in Sources */,
				813D11A614454861A1A99407 /* CodePushPackageManager.m in Sources */,
				F2E197E9088B44A4B9F545AB /* CodePushReportingManager.m in Sources */,
				116A189925634BF6B11F2AFD /* InstallOptions.m in Sources */,
				CA64B55295BF46B78DFD4DE4 /* StatusReport.m in Sources */,
				A6E3FB06C9284E85A2C316A1 /* UpdateHashUtils.m in Sources */,
				2BFAF14D4113422CB63C1779 /* Utilities.m in Sources */,
			);
			runOnlyForDeploymentPostprocessing = 0;
		};
/* End PBXSourcesBuildPhase section */

/* Begin PBXTargetDependency section */
		301BF551109A68C00062928A /* PBXTargetDependency */ = {
			isa = PBXTargetDependency;
			name = CordovaLib;
			targetProxy = 301BF550109A68C00062928A /* PBXContainerItemProxy */;
		};
/* End PBXTargetDependency section */

/* Begin XCBuildConfiguration section */
		1D6058940D05DD3E006BFB54 /* Debug */ = {
			isa = XCBuildConfiguration;
			baseConfigurationReference = 3047A50F1AB8059700498E2A /* build-debug.xcconfig */;
			buildSettings = {
				ALWAYS_SEARCH_USER_PATHS = NO;
				ASSETCATALOG_COMPILER_APPICON_NAME = AppIcon;
				ASSETCATALOG_COMPILER_LAUNCHIMAGE_NAME = LaunchImage;
				CLANG_ENABLE_MODULES = YES;
				CLANG_ENABLE_OBJC_ARC = YES;
				COPY_PHASE_STRIP = NO;
				DEVELOPMENT_TEAM = 95S8NJ5S67;
				GCC_DYNAMIC_NO_PIC = NO;
				GCC_OPTIMIZATION_LEVEL = 0;
				GCC_PRECOMPILE_PREFIX_HEADER = YES;
				GCC_PREFIX_HEADER = "Wallet/Wallet-Prefix.pch";
				GCC_THUMB_SUPPORT = NO;
				GCC_VERSION = "";
				INFOPLIST_FILE = "Wallet/Wallet-Info.plist";
				IPHONEOS_DEPLOYMENT_TARGET = 8.0;
				LD_RUNPATH_SEARCH_PATHS = "@executable_path/Frameworks";
				PRODUCT_NAME = Wallet;
				TARGETED_DEVICE_FAMILY = "1,2";
			};
			name = Debug;
		};
		1D6058950D05DD3E006BFB54 /* Release */ = {
			isa = XCBuildConfiguration;
			baseConfigurationReference = 3047A5101AB8059700498E2A /* build-release.xcconfig */;
			buildSettings = {
				ALWAYS_SEARCH_USER_PATHS = NO;
				ASSETCATALOG_COMPILER_APPICON_NAME = AppIcon;
				ASSETCATALOG_COMPILER_LAUNCHIMAGE_NAME = LaunchImage;
				CLANG_ENABLE_MODULES = YES;
				CLANG_ENABLE_OBJC_ARC = YES;
				COPY_PHASE_STRIP = YES;
				DEVELOPMENT_TEAM = 95S8NJ5S67;
				GCC_PRECOMPILE_PREFIX_HEADER = YES;
				GCC_PREFIX_HEADER = "Wallet/Wallet-Prefix.pch";
				GCC_THUMB_SUPPORT = NO;
				GCC_VERSION = "";
				INFOPLIST_FILE = "Wallet/Wallet-Info.plist";
				IPHONEOS_DEPLOYMENT_TARGET = 8.0;
				LD_RUNPATH_SEARCH_PATHS = "@executable_path/Frameworks";
				PRODUCT_NAME = Wallet;
				TARGETED_DEVICE_FAMILY = "1,2";
			};
			name = Release;
		};
		C01FCF4F08A954540054247B /* Debug */ = {
			isa = XCBuildConfiguration;
			baseConfigurationReference = 3047A5111AB8059700498E2A /* build.xcconfig */;
			buildSettings = {
				CLANG_ENABLE_MODULES = YES;
				CLANG_ENABLE_OBJC_ARC = YES;
				CLANG_WARN_BOOL_CONVERSION = YES;
				CLANG_WARN_CONSTANT_CONVERSION = YES;
				CLANG_WARN_EMPTY_BODY = YES;
				CLANG_WARN_ENUM_CONVERSION = YES;
				CLANG_WARN_INT_CONVERSION = YES;
				CLANG_WARN__DUPLICATE_METHOD_MATCH = YES;
				GCC_C_LANGUAGE_STANDARD = c99;
				GCC_THUMB_SUPPORT = NO;
				GCC_VERSION = "";
				GCC_WARN_ABOUT_RETURN_TYPE = YES;
				GCC_WARN_UNDECLARED_SELECTOR = YES;
				GCC_WARN_UNINITIALIZED_AUTOS = YES;
				GCC_WARN_UNUSED_FUNCTION = YES;
				GCC_WARN_UNUSED_VARIABLE = YES;
				ONLY_ACTIVE_ARCH = YES;
				SDKROOT = iphoneos;
				SKIP_INSTALL = NO;
			};
			name = Debug;
		};
		C01FCF5008A954540054247B /* Release */ = {
			isa = XCBuildConfiguration;
			baseConfigurationReference = 3047A5111AB8059700498E2A /* build.xcconfig */;
			buildSettings = {
				CLANG_ENABLE_MODULES = YES;
				CLANG_ENABLE_OBJC_ARC = YES;
				CLANG_WARN_BOOL_CONVERSION = YES;
				CLANG_WARN_CONSTANT_CONVERSION = YES;
				CLANG_WARN_EMPTY_BODY = YES;
				CLANG_WARN_ENUM_CONVERSION = YES;
				CLANG_WARN_INT_CONVERSION = YES;
				CLANG_WARN__DUPLICATE_METHOD_MATCH = YES;
				GCC_C_LANGUAGE_STANDARD = c99;
				GCC_THUMB_SUPPORT = NO;
				GCC_VERSION = "";
				GCC_WARN_ABOUT_RETURN_TYPE = YES;
				GCC_WARN_UNDECLARED_SELECTOR = YES;
				GCC_WARN_UNINITIALIZED_AUTOS = YES;
				GCC_WARN_UNUSED_FUNCTION = YES;
				GCC_WARN_UNUSED_VARIABLE = YES;
				SDKROOT = iphoneos;
				SKIP_INSTALL = NO;
			};
			name = Release;
		};
/* End XCBuildConfiguration section */

/* Begin XCConfigurationList section */
		1D6058960D05DD3E006BFB54 /* Build configuration list for PBXNativeTarget "Wallet" */ = {
			isa = XCConfigurationList;
			buildConfigurations = (
				1D6058940D05DD3E006BFB54 /* Debug */,
				1D6058950D05DD3E006BFB54 /* Release */,
			);
			defaultConfigurationIsVisible = 0;
			defaultConfigurationName = Release;
		};
		C01FCF4E08A954540054247B /* Build configuration list for PBXProject "Wallet" */ = {
			isa = XCConfigurationList;
			buildConfigurations = (
				C01FCF4F08A954540054247B /* Debug */,
				C01FCF5008A954540054247B /* Release */,
			);
			defaultConfigurationIsVisible = 0;
			defaultConfigurationName = Release;
		};
/* End XCConfigurationList section */
	};
	rootObject = 29B97313FDCFA39411CA2CEA /* Project object */;
}
